
Microsoft Visual Studio Solution File, Format Version 12.00
# Visual Studio Version 17
VisualStudioVersion = 17.6.33723.286
MinimumVisualStudioVersion = 10.0.40219.1
Project("{FAE04EC0-301F-11D3-BF4B-00C04F79EFBC}") = "Demo class", "Demo class.csproj", "{DA96ACD4-AC57-4A0A-9857-06AC8CF3DE34}"
EndProject
Global
	GlobalSection(SolutionConfigurationPlatforms) = preSolution
		Debug|Any CPU = Debug|Any CPU
		Release|Any CPU = Release|Any CPU
	EndGlobalSection
	GlobalSection(ProjectConfigurationPlatforms) = postSolution
		{DA96ACD4-AC57-4A0A-9857-06AC8CF3DE34}.Debug|Any CPU.ActiveCfg = Debug|Any CPU
		{DA96ACD4-AC57-4A0A-9857-06AC8CF3DE34}.Debug|Any CPU.Build.0 = Debug|Any CPU
		{DA96ACD4-AC57-4A0A-9857-06AC8CF3DE34}.Release|Any CPU.ActiveCfg = Release|Any CPU
		{DA96ACD4-AC57-4A0A-9857-06AC8CF3DE34}.Release|Any CPU.Build.0 = Release|Any CPU
	EndGlobalSection
	GlobalSection(SolutionProperties) = preSolution
		HideSolutionNode = FALSE
	EndGlobalSection
	GlobalSection(ExtensibilityGlobals) = postSolution
		SolutionGuid = {102ECC3A-AF65-4DE1-BA4B-533E7FD3EBF1}
	EndGlobalSection
EndGlobal
